
Microsoft Visual Studio Solution File, Format Version 12.00
# Visual Studio 2013
VisualStudioVersion = 12.0.30501.0
MinimumVisualStudioVersion = 10.0.40219.1
Project("{FAE04EC0-301F-11D3-BF4B-00C04F79EFBC}") = "Retort", "Retort\Retort.csproj", "{614B92BD-4CAC-486C-82C3-BBF46FED9D47}"
EndProject
Project("{2150E333-8FDC-42A3-9474-1A3956D46DE8}") = ".nuget", ".nuget", "{5B932745-C7BF-49F5-8D7F-4C079875D9DD}"
	ProjectSection(SolutionItems) = preProject
		.nuget\NuGet.Config = .nuget\NuGet.Config
		.nuget\NuGet.exe = .nuget\NuGet.exe
		.nuget\NuGet.targets = .nuget\NuGet.targets
	EndProjectSection
EndProject
Project("{FAE04EC0-301F-11D3-BF4B-00C04F79EFBC}") = "TestAsync", "TestAsync\TestAsync.csproj", "{1DC17698-3AD3-49D0-B1E6-DEEDB33C522D}"
EndProject
Global
	GlobalSection(SolutionConfigurationPlatforms) = preSolution
		Debug|Any CPU = Debug|Any CPU
		Release|Any CPU = Release|Any CPU
	EndGlobalSection
	GlobalSection(ProjectConfigurationPlatforms) = postSolution
		{614B92BD-4CAC-486C-82C3-BBF46FED9D47}.Debug|Any CPU.ActiveCfg = Debug|Any CPU
		{614B92BD-4CAC-486C-82C3-BBF46FED9D47}.Debug|Any CPU.Build.0 = Debug|Any CPU
		{614B92BD-4CAC-486C-82C3-BBF46FED9D47}.Release|Any CPU.ActiveCfg = Release|Any CPU
		{614B92BD-4CAC-486C-82C3-BBF46FED9D47}.Release|Any CPU.Build.0 = Release|Any CPU
		{1DC17698-3AD3-49D0-B1E6-DEEDB33C522D}.Debug|Any CPU.ActiveCfg = Debug|Any CPU
		{1DC17698-3AD3-49D0-B1E6-DEEDB33C522D}.Debug|Any CPU.Build.0 = Debug|Any CPU
		{1DC17698-3AD3-49D0-B1E6-DEEDB33C522D}.Release|Any CPU.ActiveCfg = Release|Any CPU
		{1DC17698-3AD3-49D0-B1E6-DEEDB33C522D}.Release|Any CPU.Build.0 = Release|Any CPU
	EndGlobalSection
	GlobalSection(SolutionProperties) = preSolution
		HideSolutionNode = FALSE
	EndGlobalSection
EndGlobal
